
Microsoft Visual Studio Solution File, Format Version 12.00
# Visual Studio Version 17
VisualStudioVersion = 17.1.32228.430
MinimumVisualStudioVersion = 10.0.40219.1
Project("{FAE04EC0-301F-11D3-BF4B-00C04F79EFBC}") = "BackEnd", "BackEnd\BackEnd.csproj", "{65014118-E237-4729-8252-A7EC115EDEF8}"
EndProject
Global
	GlobalSection(SolutionConfigurationPlatforms) = preSolution
		Debug|Any CPU = Debug|Any CPU
		Release|Any CPU = Release|Any CPU
	EndGlobalSection
	GlobalSection(ProjectConfigurationPlatforms) = postSolution
		{65014118-E237-4729-8252-A7EC115EDEF8}.Debug|Any CPU.ActiveCfg = Debug|Any CPU
		{65014118-E237-4729-8252-A7EC115EDEF8}.Debug|Any CPU.Build.0 = Debug|Any CPU
		{65014118-E237-4729-8252-A7EC115EDEF8}.Release|Any CPU.ActiveCfg = Release|Any CPU
		{65014118-E237-4729-8252-A7EC115EDEF8}.Release|Any CPU.Build.0 = Release|Any CPU
	EndGlobalSection
	GlobalSection(SolutionProperties) = preSolution
		HideSolutionNode = FALSE
	EndGlobalSection
	GlobalSection(ExtensibilityGlobals) = postSolution
		SolutionGuid = {041E30DB-8961-4B7F-AF01-2784B19F788D}
	EndGlobalSection
EndGlobal
